
Microsoft Visual Studio Solution File, Format Version 12.00
# Visual Studio Version 16
VisualStudioVersion = 16.0.31829.152
MinimumVisualStudioVersion = 10.0.40219.1
Project("{9A19103F-16F7-4668-BE54-9A1E7A4F7556}") = "MEPM", "MEPM\MEPM.csproj", "{67746A9B-A075-470E-B4E1-8A75420DAB53}"
EndProject
Global
	GlobalSection(SolutionConfigurationPlatforms) = preSolution
		Debug|Any CPU = Debug|Any CPU
		Release|Any CPU = Release|Any CPU
	EndGlobalSection
	GlobalSection(ProjectConfigurationPlatforms) = postSolution
		{67746A9B-A075-470E-B4E1-8A75420DAB53}.Debug|Any CPU.ActiveCfg = Debug|Any CPU
		{67746A9B-A075-470E-B4E1-8A75420DAB53}.Debug|Any CPU.Build.0 = Debug|Any CPU
		{67746A9B-A075-470E-B4E1-8A75420DAB53}.Release|Any CPU.ActiveCfg = Release|Any CPU
		{67746A9B-A075-470E-B4E1-8A75420DAB53}.Release|Any CPU.Build.0 = Release|Any CPU
	EndGlobalSection
	GlobalSection(SolutionProperties) = preSolution
		HideSolutionNode = FALSE
	EndGlobalSection
	GlobalSection(ExtensibilityGlobals) = postSolution
		SolutionGuid = {D38A70A8-4B6C-4078-BA32-51D5B39C698E}
	EndGlobalSection
EndGlobal
